// !$*UTF8*$!
{
	archiveVersion = 1;
	classes = {
	};
	objectVersion = 50;
	objects = {

/* Begin PBXBuildFile section */
		5BB9832A2082DE3100EEB5BA /* AppDelegate.swift in Sources */ = {isa = PBXBuildFile; fileRef = 5BB983292082DE3100EEB5BA /* AppDelegate.swift */; };
		5BB9832C2082DE3100EEB5BA /* ViewController.swift in Sources */ = {isa = PBXBuildFile; fileRef = 5BB9832B2082DE3100EEB5BA /* ViewController.swift */; };
		5BB9832F2082DE3100EEB5BA /* Main.storyboard in Resources */ = {isa = PBXBuildFile; fileRef = 5BB9832D2082DE3100EEB5BA /* Main.storyboard */; };
		5BB983312082DE3300EEB5BA /* Assets.xcassets in Resources */ = {isa = PBXBuildFile; fileRef = 5BB983302082DE3300EEB5BA /* Assets.xcassets */; };
		5BB983342082DE3300EEB5BA /* LaunchScreen.storyboard in Resources */ = {isa = PBXBuildFile; fileRef = 5BB983322082DE3300EEB5BA /* LaunchScreen.storyboard */; };
		5BB9833C2082DE9100EEB5BA /* Mask.swift in Sources */ = {isa = PBXBuildFile; fileRef = 5BB9833B2082DE9100EEB5BA /* Mask.swift */; };
		6DA994E3208939CF0095241E /* Mask.m in Sources */ = {isa = PBXBuildFile; fileRef = 6DA994E0208939CF0095241E /* Mask.m */; };
		6DA994E4208939CF0095241E /* -.swift in Sources */ = {isa = PBXBuildFile; fileRef = 6DA994E1208939CF0095241E /* -.swift */; };
		6DA994E5208939CF0095241E /* FormatText.swift in Sources */ = {isa = PBXBuildFile; fileRef = 6DA994E2208939CF0095241E /* FormatText.swift */; };
		6DA994E820893DDD0095241E /* TestViewController.m in Sources */ = {isa = PBXBuildFile; fileRef = 6DA994E720893DDD0095241E /* TestViewController.m */; };
/* End PBXBuildFile section */

/* Begin PBXFileReference section */
		5BB983262082DE3100EEB5BA /* Test_maskTextField.app */ = {isa = PBXFileReference; explicitFileType = wrapper.application; includeInIndex = 0; path = Test_maskTextField.app; sourceTree = BUILT_PRODUCTS_DIR; };
		5BB983292082DE3100EEB5BA /* AppDelegate.swift */ = {isa = PBXFileReference; lastKnownFileType = sourcecode.swift; path = AppDelegate.swift; sourceTree = "<group>"; };
		5BB9832B2082DE3100EEB5BA /* ViewController.swift */ = {isa = PBXFileReference; lastKnownFileType = sourcecode.swift; path = ViewController.swift; sourceTree = "<group>"; };
		5BB9832E2082DE3100EEB5BA /* Base */ = {isa = PBXFileReference; lastKnownFileType = file.storyboard; name = Base; path = Base.lproj/Main.storyboard; sourceTree = "<group>"; };
		5BB983302082DE3300EEB5BA /* Assets.xcassets */ = {isa = PBXFileReference; lastKnownFileType = folder.assetcatalog; path = Assets.xcassets; sourceTree = "<group>"; };
		5BB983332082DE3300EEB5BA /* Base */ = {isa = PBXFileReference; lastKnownFileType = file.storyboard; name = Base; path = Base.lproj/LaunchScreen.storyboard; sourceTree = "<group>"; };
		5BB983352082DE3300EEB5BA /* Info.plist */ = {isa = PBXFileReference; lastKnownFileType = text.plist.xml; path = Info.plist; sourceTree = "<group>"; };
		5BB9833B2082DE9100EEB5BA /* Mask.swift */ = {isa = PBXFileReference; lastKnownFileType = sourcecode.swift; path = Mask.swift; sourceTree = "<group>"; };
		6DA994DE208939CE0095241E /* Test_maskTextField-Bridging-Header.h */ = {isa = PBXFileReference; lastKnownFileType = sourcecode.c.h; path = "Test_maskTextField-Bridging-Header.h"; sourceTree = "<group>"; };
		6DA994DF208939CF0095241E /* Mask.h */ = {isa = PBXFileReference; fileEncoding = 4; lastKnownFileType = sourcecode.c.h; path = Mask.h; sourceTree = "<group>"; };
		6DA994E0208939CF0095241E /* Mask.m */ = {isa = PBXFileReference; fileEncoding = 4; lastKnownFileType = sourcecode.c.objc; path = Mask.m; sourceTree = "<group>"; };
		6DA994E1208939CF0095241E /* -.swift */ = {isa = PBXFileReference; fileEncoding = 4; lastKnownFileType = sourcecode.swift; path = "-.swift"; sourceTree = "<group>"; };
		6DA994E2208939CF0095241E /* FormatText.swift */ = {isa = PBXFileReference; fileEncoding = 4; lastKnownFileType = sourcecode.swift; path = FormatText.swift; sourceTree = "<group>"; };
		6DA994E620893DDD0095241E /* TestViewController.h */ = {isa = PBXFileReference; lastKnownFileType = sourcecode.c.h; path = TestViewController.h; sourceTree = "<group>"; };
		6DA994E720893DDD0095241E /* TestViewController.m */ = {isa = PBXFileReference; lastKnownFileType = sourcecode.c.objc; path = TestViewController.m; sourceTree = "<group>"; };
/* End PBXFileReference section */

/* Begin PBXFrameworksBuildPhase section */
		5BB983232082DE3100EEB5BA /* Frameworks */ = {
			isa = PBXFrameworksBuildPhase;
			buildActionMask = 2147483647;
			files = (
			);
			runOnlyForDeploymentPostprocessing = 0;
		};
/* End PBXFrameworksBuildPhase section */

/* Begin PBXGroup section */
		5BB9831D2082DE3100EEB5BA = {
			isa = PBXGroup;
			children = (
				5BB983282082DE3100EEB5BA /* Test_maskTextField */,
				5BB983272082DE3100EEB5BA /* Products */,
			);
			sourceTree = "<group>";
		};
		5BB983272082DE3100EEB5BA /* Products */ = {
			isa = PBXGroup;
			children = (
				5BB983262082DE3100EEB5BA /* Test_maskTextField.app */,
			);
			name = Products;
			sourceTree = "<group>";
		};
		5BB983282082DE3100EEB5BA /* Test_maskTextField */ = {
			isa = PBXGroup;
			children = (
				6DA994DD208939BC0095241E /* Others */,
				5BB983292082DE3100EEB5BA /* AppDelegate.swift */,
				5BB9832B2082DE3100EEB5BA /* ViewController.swift */,
				5BB9833B2082DE9100EEB5BA /* Mask.swift */,
				5BB9832D2082DE3100EEB5BA /* Main.storyboard */,
				5BB983302082DE3300EEB5BA /* Assets.xcassets */,
				5BB983322082DE3300EEB5BA /* LaunchScreen.storyboard */,
				5BB983352082DE3300EEB5BA /* Info.plist */,
			);
			path = Test_maskTextField;
			sourceTree = "<group>";
		};
		6DA994DD208939BC0095241E /* Others */ = {
			isa = PBXGroup;
			children = (
				6DA994E1208939CF0095241E /* -.swift */,
				6DA994E2208939CF0095241E /* FormatText.swift */,
				6DA994DF208939CF0095241E /* Mask.h */,
				6DA994E0208939CF0095241E /* Mask.m */,
				6DA994DE208939CE0095241E /* Test_maskTextField-Bridging-Header.h */,
				6DA994E620893DDD0095241E /* TestViewController.h */,
				6DA994E720893DDD0095241E /* TestViewController.m */,
			);
			path = Others;
			sourceTree = "<group>";
		};
/* End PBXGroup section */

/* Begin PBXNativeTarget section */
		5BB983252082DE3100EEB5BA /* Test_maskTextField */ = {
			isa = PBXNativeTarget;
			buildConfigurationList = 5BB983382082DE3300EEB5BA /* Build configuration list for PBXNativeTarget "Test_maskTextField" */;
			buildPhases = (
				5BB983222082DE3100EEB5BA /* Sources */,
				5BB983232082DE3100EEB5BA /* Frameworks */,
				5BB983242082DE3100EEB5BA /* Resources */,
			);
			buildRules = (
			);
			dependencies = (
			);
			name = Test_maskTextField;
			productName = Test_maskTextField;
			productReference = 5BB983262082DE3100EEB5BA /* Test_maskTextField.app */;
			productType = "com.apple.product-type.application";
		};
/* End PBXNativeTarget section */

/* Begin PBXProject section */
		5BB9831E2082DE3100EEB5BA /* Project object */ = {
			isa = PBXProject;
			attributes = {
				LastSwiftUpdateCheck = 0930;
				LastUpgradeCheck = 0930;
				ORGANIZATIONNAME = "Rodrigo Miyashiro";
				TargetAttributes = {
					5BB983252082DE3100EEB5BA = {
						CreatedOnToolsVersion = 9.3;
						LastSwiftMigration = 0930;
					};
				};
			};
			buildConfigurationList = 5BB983212082DE3100EEB5BA /* Build configuration list for PBXProject "Test_maskTextField" */;
			compatibilityVersion = "Xcode 9.3";
			developmentRegion = en;
			hasScannedForEncodings = 0;
			knownRegions = (
				en,
				Base,
			);
			mainGroup = 5BB9831D2082DE3100EEB5BA;
			productRefGroup = 5BB983272082DE3100EEB5BA /* Products */;
			projectDirPath = "";
			projectRoot = "";
			targets = (
				5BB983252082DE3100EEB5BA /* Test_maskTextField */,
			);
		};
/* End PBXProject section */

/* Begin PBXResourcesBuildPhase section */
		5BB983242082DE3100EEB5BA /* Resources */ = {
			isa = PBXResourcesBuildPhase;
			buildActionMask = 2147483647;
			files = (
				5BB983342082DE3300EEB5BA /* LaunchScreen.storyboard in Resources */,
				5BB983312082DE3300EEB5BA /* Assets.xcassets in Resources */,
				5BB9832F2082DE3100EEB5BA /* Main.storyboard in Resources */,
			);
			runOnlyForDeploymentPostprocessing = 0;
		};
/* End PBXResourcesBuildPhase section */

/* Begin PBXSourcesBuildPhase section */
		5BB983222082DE3100EEB5BA /* Sources */ = {
			isa = PBXSourcesBuildPhase;
			buildActionMask = 2147483647;
			files = (
				5BB9833C2082DE9100EEB5BA /* Mask.swift in Sources */,
				6DA994E4208939CF0095241E /* -.swift in Sources */,
				6DA994E820893DDD0095241E /* TestViewController.m in Sources */,
				6DA994E3208939CF0095241E /* Mask.m in Sources */,
				6DA994E5208939CF0095241E /* FormatText.swift in Sources */,
				5BB9832C2082DE3100EEB5BA /* ViewController.swift in Sources */,
				5BB9832A2082DE3100EEB5BA /* AppDelegate.swift in Sources */,
			);
			runOnlyForDeploymentPostprocessing = 0;
		};
/* End PBXSourcesBuildPhase section */

/* Begin PBXVariantGroup section */
		5BB9832D2082DE3100EEB5BA /* Main.storyboard */ = {
			isa = PBXVariantGroup;
			children = (
				5BB9832E2082DE3100EEB5BA /* Base */,
			);
			name = Main.storyboard;
			sourceTree = "<group>";
		};
		5BB983322082DE3300EEB5BA /* LaunchScreen.storyboard */ = {
			isa = PBXVariantGroup;
			children = (
				5BB983332082DE3300EEB5BA /* Base */,
			);
			name = LaunchScreen.storyboard;
			sourceTree = "<group>";
		};
/* End PBXVariantGroup section */

/* Begin XCBuildConfiguration section */
		5BB983362082DE3300EEB5BA /* Debug */ = {
			isa = XCBuildConfiguration;
			buildSettings = {
				ALWAYS_SEARCH_USER_PATHS = NO;
				CLANG_ANALYZER_NONNULL = YES;
				CLANG_ANALYZER_NUMBER_OBJECT_CONVERSION = YES_AGGRESSIVE;
				CLANG_CXX_LANGUAGE_STANDARD = "gnu++14";
				CLANG_CXX_LIBRARY = "libc++";
				CLANG_ENABLE_MODULES = YES;
				CLANG_ENABLE_OBJC_ARC = YES;
				CLANG_ENABLE_OBJC_WEAK = YES;
				CLANG_WARN_BLOCK_CAPTURE_AUTORELEASING = YES;
				CLANG_WARN_BOOL_CONVERSION = YES;
				CLANG_WARN_COMMA = YES;
				CLANG_WARN_CONSTANT_CONVERSION = YES;
				CLANG_WARN_DEPRECATED_OBJC_IMPLEMENTATIONS = YES;
				CLANG_WARN_DIRECT_OBJC_ISA_USAGE = YES_ERROR;
				CLANG_WARN_DOCUMENTATION_COMMENTS = YES;
				CLANG_WARN_EMPTY_BODY = YES;
				CLANG_WARN_ENUM_CONVERSION = YES;
				CLANG_WARN_INFINITE_RECURSION = YES;
				CLANG_WARN_INT_CONVERSION = YES;
				CLANG_WARN_NON_LITERAL_NULL_CONVERSION = YES;
				CLANG_WARN_OBJC_IMPLICIT_RETAIN_SELF = YES;
				CLANG_WARN_OBJC_LITERAL_CONVERSION = YES;
				CLANG_WARN_OBJC_ROOT_CLASS = YES_ERROR;
				CLANG_WARN_RANGE_LOOP_ANALYSIS = YES;
				CLANG_WARN_STRICT_PROTOTYPES = YES;
				CLANG_WARN_SUSPICIOUS_MOVE = YES;
				CLANG_WARN_UNGUARDED_AVAILABILITY = YES_AGGRESSIVE;
				CLANG_WARN_UNREACHABLE_CODE = YES;
				CLANG_WARN__DUPLICATE_METHOD_MATCH = YES;
				CODE_SIGN_IDENTITY = "iPhone Developer";
				COPY_PHASE_STRIP = NO;
				DEBUG_INFORMATION_FORMAT = dwarf;
				ENABLE_STRICT_OBJC_MSGSEND = YES;
				ENABLE_TESTABILITY = YES;
				GCC_C_LANGUAGE_STANDARD = gnu11;
				GCC_DYNAMIC_NO_PIC = NO;
				GCC_NO_COMMON_BLOCKS = YES;
				GCC_OPTIMIZATION_LEVEL = 0;
				GCC_PREPROCESSOR_DEFINITIONS = (
					"DEBUG=1",
					"$(inherited)",
				);
				GCC_WARN_64_TO_32_BIT_CONVERSION = YES;
				GCC_WARN_ABOUT_RETURN_TYPE = YES_ERROR;
				GCC_WARN_UNDECLARED_SELECTOR = YES;
				GCC_WARN_UNINITIALIZED_AUTOS = YES_AGGRESSIVE;
				GCC_WARN_UNUSED_FUNCTION = YES;
				GCC_WARN_UNUSED_VARIABLE = YES;
				IPHONEOS_DEPLOYMENT_TARGET = 11.3;
				MTL_ENABLE_DEBUG_INFO = YES;
				ONLY_ACTIVE_ARCH = YES;
				SDKROOT = iphoneos;
				SWIFT_ACTIVE_COMPILATION_CONDITIONS = DEBUG;
				SWIFT_OPTIMIZATION_LEVEL = "-Onone";
			};
			name = Debug;
		};
		5BB983372082DE3300EEB5BA /* Release */ = {
			isa = XCBuildConfiguration;
			buildSettings = {
				ALWAYS_SEARCH_USER_PATHS = NO;
				CLANG_ANALYZER_NONNULL = YES;
				CLANG_ANALYZER_NUMBER_OBJECT_CONVERSION = YES_AGGRESSIVE;
				CLANG_CXX_LANGUAGE_STANDARD = "gnu++14";
				CLANG_CXX_LIBRARY = "libc++";
				CLANG_ENABLE_MODULES = YES;
				CLANG_ENABLE_OBJC_ARC = YES;
				CLANG_ENABLE_OBJC_WEAK = YES;
				CLANG_WARN_BLOCK_CAPTURE_AUTORELEASING = YES;
				CLANG_WARN_BOOL_CONVERSION = YES;
				CLANG_WARN_COMMA = YES;
				CLANG_WARN_CONSTANT_CONVERSION = YES;
				CLANG_WARN_DEPRECATED_OBJC_IMPLEMENTATIONS = YES;
				CLANG_WARN_DIRECT_OBJC_ISA_USAGE = YES_ERROR;
				CLANG_WARN_DOCUMENTATION_COMMENTS = YES;
				CLANG_WARN_EMPTY_BODY = YES;
				CLANG_WARN_ENUM_CONVERSION = YES;
				CLANG_WARN_INFINITE_RECURSION = YES;
				CLANG_WARN_INT_CONVERSION = YES;
				CLANG_WARN_NON_LITERAL_NULL_CONVERSION = YES;
				CLANG_WARN_OBJC_IMPLICIT_RETAIN_SELF = YES;
				CLANG_WARN_OBJC_LITERAL_CONVERSION = YES;
				CLANG_WARN_OBJC_ROOT_CLASS = YES_ERROR;
				CLANG_WARN_RANGE_LOOP_ANALYSIS = YES;
				CLANG_WARN_STRICT_PROTOTYPES = YES;
				CLANG_WARN_SUSPICIOUS_MOVE = YES;
				CLANG_WARN_UNGUARDED_AVAILABILITY = YES_AGGRESSIVE;
				CLANG_WARN_UNREACHABLE_CODE = YES;
				CLANG_WARN__DUPLICATE_METHOD_MATCH = YES;
				CODE_SIGN_IDENTITY = "iPhone Developer";
				COPY_PHASE_STRIP = NO;
				DEBUG_INFORMATION_FORMAT = "dwarf-with-dsym";
				ENABLE_NS_ASSERTIONS = NO;
				ENABLE_STRICT_OBJC_MSGSEND = YES;
				GCC_C_LANGUAGE_STANDARD = gnu11;
				GCC_NO_COMMON_BLOCKS = YES;
				GCC_WARN_64_TO_32_BIT_CONVERSION = YES;
				GCC_WARN_ABOUT_RETURN_TYPE = YES_ERROR;
				GCC_WARN_UNDECLARED_SELECTOR = YES;
				GCC_WARN_UNINITIALIZED_AUTOS = YES_AGGRESSIVE;
				GCC_WARN_UNUSED_FUNCTION = YES;
				GCC_WARN_UNUSED_VARIABLE = YES;
				IPHONEOS_DEPLOYMENT_TARGET = 11.3;
				MTL_ENABLE_DEBUG_INFO = NO;
				SDKROOT = iphoneos;
				SWIFT_COMPILATION_MODE = wholemodule;
				SWIFT_OPTIMIZATION_LEVEL = "-O";
				VALIDATE_PRODUCT = YES;
			};
			name = Release;
		};
		5BB983392082DE3300EEB5BA /* Debug */ = {
			isa = XCBuildConfiguration;
			buildSettings = {
				ASSETCATALOG_COMPILER_APPICON_NAME = AppIcon;
				CLANG_ENABLE_MODULES = YES;
				CODE_SIGN_STYLE = Automatic;
				DEVELOPMENT_TEAM = MF7C3JX7PR;
				INFOPLIST_FILE = Test_maskTextField/Info.plist;
				LD_RUNPATH_SEARCH_PATHS = (
					"$(inherited)",
					"@executable_path/Frameworks",
				);
				PRODUCT_BUNDLE_IDENTIFIER = "com.rmiyashiro.Test-maskTextField";
				PRODUCT_NAME = "$(TARGET_NAME)";
				SWIFT_OBJC_BRIDGING_HEADER = "Test_maskTextField/Others/Test_maskTextField-Bridging-Header.h";
				SWIFT_OPTIMIZATION_LEVEL = "-Onone";
				SWIFT_VERSION = 4.0;
				TARGETED_DEVICE_FAMILY = "1,2";
			};
			name = Debug;
		};
		5BB9833A2082DE3300EEB5BA /* Release */ = {
			isa = XCBuildConfiguration;
			buildSettings = {
				ASSETCATALOG_COMPILER_APPICON_NAME = AppIcon;
				CLANG_ENABLE_MODULES = YES;
				CODE_SIGN_STYLE = Automatic;
				DEVELOPMENT_TEAM = MF7C3JX7PR;
				INFOPLIST_FILE = Test_maskTextField/Info.plist;
				LD_RUNPATH_SEARCH_PATHS = (
					"$(inherited)",
					"@executable_path/Frameworks",
				);
				PRODUCT_BUNDLE_IDENTIFIER = "com.rmiyashiro.Test-maskTextField";
				PRODUCT_NAME = "$(TARGET_NAME)";
				SWIFT_OBJC_BRIDGING_HEADER = "Test_maskTextField/Others/Test_maskTextField-Bridging-Header.h";
				SWIFT_VERSION = 4.0;
				TARGETED_DEVICE_FAMILY = "1,2";
			};
			name = Release;
		};
/* End XCBuildConfiguration section */

/* Begin XCConfigurationList section */
		5BB983212082DE3100EEB5BA /* Build configuration list for PBXProject "Test_maskTextField" */ = {
			isa = XCConfigurationList;
			buildConfigurations = (
				5BB983362082DE3300EEB5BA /* Debug */,
				5BB983372082DE3300EEB5BA /* Release */,
			);
			defaultConfigurationIsVisible = 0;
			defaultConfigurationName = Release;
		};
		5BB983382082DE3300EEB5BA /* Build configuration list for PBXNativeTarget "Test_maskTextField" */ = {
			isa = XCConfigurationList;
			buildConfigurations = (
				5BB983392082DE3300EEB5BA /* Debug */,
				5BB9833A2082DE3300EEB5BA /* Release */,
			);
			defaultConfigurationIsVisible = 0;
			defaultConfigurationName = Release;
		};
/* End XCConfigurationList section */
	};
	rootObject = 5BB9831E2082DE3100EEB5BA /* Project object */;
}
